
Microsoft Visual Studio Solution File, Format Version 12.00
# Visual Studio Version 17
VisualStudioVersion = 17.2.32616.157
MinimumVisualStudioVersion = 10.0.40219.1
Project("{9A19103F-16F7-4668-BE54-9A1E7A4F7556}") = "BinaryClassification", "ML.NET.Demos\BinaryClassification.csproj", "{7D39BFC3-97E3-431A-915D-B6823ACB95BD}"
EndProject
Project("{9A19103F-16F7-4668-BE54-9A1E7A4F7556}") = "MultiClassClassification", "MultiClassClassification\MultiClassClassification.csproj", "{DFFD0914-5C11-4B20-86C5-0A722CE25CEA}"
EndProject
Project("{FAE04EC0-301F-11D3-BF4B-00C04F79EFBC}") = "DesicionTrees", "DesicionTrees\DesicionTrees.csproj", "{7A6D2758-37A4-48A1-B783-C6916023E4E6}"
EndProject
Project("{FAE04EC0-301F-11D3-BF4B-00C04F79EFBC}") = "DecisionTreeRegression", "DecisionTreeRegression\DecisionTreeRegression.csproj", "{E9445F7A-B9AE-417F-8505-3421E12BE191}"
EndProject
Project("{FAE04EC0-301F-11D3-BF4B-00C04F79EFBC}") = "RandomForestClassification", "RandomForestClassification\RandomForestClassification.csproj", "{3A4C5752-8B19-4A6D-8319-B2B4F67FB83B}"
EndProject
Global
	GlobalSection(SolutionConfigurationPlatforms) = preSolution
		Debug|Any CPU = Debug|Any CPU
		Release|Any CPU = Release|Any CPU
	EndGlobalSection
	GlobalSection(ProjectConfigurationPlatforms) = postSolution
		{7D39BFC3-97E3-431A-915D-B6823ACB95BD}.Debug|Any CPU.ActiveCfg = Debug|Any CPU
		{7D39BFC3-97E3-431A-915D-B6823ACB95BD}.Debug|Any CPU.Build.0 = Debug|Any CPU
		{7D39BFC3-97E3-431A-915D-B6823ACB95BD}.Release|Any CPU.ActiveCfg = Release|Any CPU
		{7D39BFC3-97E3-431A-915D-B6823ACB95BD}.Release|Any CPU.Build.0 = Release|Any CPU
		{DFFD0914-5C11-4B20-86C5-0A722CE25CEA}.Debug|Any CPU.ActiveCfg = Debug|Any CPU
		{DFFD0914-5C11-4B20-86C5-0A722CE25CEA}.Debug|Any CPU.Build.0 = Debug|Any CPU
		{DFFD0914-5C11-4B20-86C5-0A722CE25CEA}.Release|Any CPU.ActiveCfg = Release|Any CPU
		{DFFD0914-5C11-4B20-86C5-0A722CE25CEA}.Release|Any CPU.Build.0 = Release|Any CPU
		{7A6D2758-37A4-48A1-B783-C6916023E4E6}.Debug|Any CPU.ActiveCfg = Debug|Any CPU
		{7A6D2758-37A4-48A1-B783-C6916023E4E6}.Debug|Any CPU.Build.0 = Debug|Any CPU
		{7A6D2758-37A4-48A1-B783-C6916023E4E6}.Release|Any CPU.ActiveCfg = Release|Any CPU
		{7A6D2758-37A4-48A1-B783-C6916023E4E6}.Release|Any CPU.Build.0 = Release|Any CPU
		{E9445F7A-B9AE-417F-8505-3421E12BE191}.Debug|Any CPU.ActiveCfg = Debug|Any CPU
		{E9445F7A-B9AE-417F-8505-3421E12BE191}.Debug|Any CPU.Build.0 = Debug|Any CPU
		{E9445F7A-B9AE-417F-8505-3421E12BE191}.Release|Any CPU.ActiveCfg = Release|Any CPU
		{E9445F7A-B9AE-417F-8505-3421E12BE191}.Release|Any CPU.Build.0 = Release|Any CPU
		{3A4C5752-8B19-4A6D-8319-B2B4F67FB83B}.Debug|Any CPU.ActiveCfg = Debug|Any CPU
		{3A4C5752-8B19-4A6D-8319-B2B4F67FB83B}.Debug|Any CPU.Build.0 = Debug|Any CPU
		{3A4C5752-8B19-4A6D-8319-B2B4F67FB83B}.Release|Any CPU.ActiveCfg = Release|Any CPU
		{3A4C5752-8B19-4A6D-8319-B2B4F67FB83B}.Release|Any CPU.Build.0 = Release|Any CPU
	EndGlobalSection
	GlobalSection(SolutionProperties) = preSolution
		HideSolutionNode = FALSE
	EndGlobalSection
	GlobalSection(ExtensibilityGlobals) = postSolution
		SolutionGuid = {6FA8D460-23D1-455C-89AF-93BD63B0E5DD}
	EndGlobalSection
EndGlobal
